// !$*UTF8*$!
{
	archiveVersion = 1;
	classes = {
	};
	objectVersion = 55;
	objects = {

/* Begin PBXBuildFile section */
		1E9F4C2F4E6C9B80DD47DD86 /* Pods_Instagram.framework in Frameworks */ = {isa = PBXBuildFile; fileRef = 235DB7AF187CFFD85E5CC3AE /* Pods_Instagram.framework */; };
		A11249ED2875042300A7A043 /* LoginViewController.swift in Sources */ = {isa = PBXBuildFile; fileRef = A11249EC2875042300A7A043 /* LoginViewController.swift */; };
		A11249EF2875043900A7A043 /* RegistrationViewController.swift in Sources */ = {isa = PBXBuildFile; fileRef = A11249EE2875043900A7A043 /* RegistrationViewController.swift */; };
		A11249F1287504A800A7A043 /* PostViewController.swift in Sources */ = {isa = PBXBuildFile; fileRef = A11249F0287504A800A7A043 /* PostViewController.swift */; };
		A11249F3287504D900A7A043 /* EditProfileViewController.swift in Sources */ = {isa = PBXBuildFile; fileRef = A11249F2287504D900A7A043 /* EditProfileViewController.swift */; };
		A11249F5287504EA00A7A043 /* SettingsViewController.swift in Sources */ = {isa = PBXBuildFile; fileRef = A11249F4287504EA00A7A043 /* SettingsViewController.swift */; };
		A11249F7287504FC00A7A043 /* ListViewController.swift in Sources */ = {isa = PBXBuildFile; fileRef = A11249F6287504FC00A7A043 /* ListViewController.swift */; };
		A11249F92875051400A7A043 /* SearchViewController.swift in Sources */ = {isa = PBXBuildFile; fileRef = A11249F82875051400A7A043 /* SearchViewController.swift */; };
		A11249FB2875052800A7A043 /* SearchResultViewController.swift in Sources */ = {isa = PBXBuildFile; fileRef = A11249FA2875052800A7A043 /* SearchResultViewController.swift */; };
		A11249FD2875055C00A7A043 /* PostEditorViewController.swift in Sources */ = {isa = PBXBuildFile; fileRef = A11249FC2875055B00A7A043 /* PostEditorViewController.swift */; };
		A11249FF2875056D00A7A043 /* PublishPostViewController.swift in Sources */ = {isa = PBXBuildFile; fileRef = A11249FE2875056D00A7A043 /* PublishPostViewController.swift */; };
		A16265282874F51A009B09E6 /* AppDelegate.swift in Sources */ = {isa = PBXBuildFile; fileRef = A16265272874F51A009B09E6 /* AppDelegate.swift */; };
		A162652A2874F51A009B09E6 /* SceneDelegate.swift in Sources */ = {isa = PBXBuildFile; fileRef = A16265292874F51A009B09E6 /* SceneDelegate.swift */; };
		A162652C2874F51A009B09E6 /* HomeViewController.swift in Sources */ = {isa = PBXBuildFile; fileRef = A162652B2874F51A009B09E6 /* HomeViewController.swift */; };
		A162652F2874F51A009B09E6 /* Main.storyboard in Resources */ = {isa = PBXBuildFile; fileRef = A162652D2874F51A009B09E6 /* Main.storyboard */; };
		A16265322874F51A009B09E6 /* Instagram.xcdatamodeld in Sources */ = {isa = PBXBuildFile; fileRef = A16265302874F51A009B09E6 /* Instagram.xcdatamodeld */; };
		A16265342874F51C009B09E6 /* Assets.xcassets in Resources */ = {isa = PBXBuildFile; fileRef = A16265332874F51C009B09E6 /* Assets.xcassets */; };
		A16265372874F51C009B09E6 /* LaunchScreen.storyboard in Resources */ = {isa = PBXBuildFile; fileRef = A16265352874F51C009B09E6 /* LaunchScreen.storyboard */; };
		A16265442874F66C009B09E6 /* ExploreViewController.swift in Sources */ = {isa = PBXBuildFile; fileRef = A16265432874F66C009B09E6 /* ExploreViewController.swift */; };
		A16265462874F6A7009B09E6 /* CameraViewController.swift in Sources */ = {isa = PBXBuildFile; fileRef = A16265452874F6A7009B09E6 /* CameraViewController.swift */; };
		A16265482874F6C0009B09E6 /* NotificationsViewController.swift in Sources */ = {isa = PBXBuildFile; fileRef = A16265472874F6C0009B09E6 /* NotificationsViewController.swift */; };
		A162654A2874F6D3009B09E6 /* ProfileViewController.swift in Sources */ = {isa = PBXBuildFile; fileRef = A16265492874F6D3009B09E6 /* ProfileViewController.swift */; };
		A1B56D79287516E600CD9D64 /* GoogleService-Info.plist in Resources */ = {isa = PBXBuildFile; fileRef = A1B56D78287516E600CD9D64 /* GoogleService-Info.plist */; };
		A1B56D7C28751D3100CD9D64 /* DatabaseManager.swift in Sources */ = {isa = PBXBuildFile; fileRef = A1B56D7B28751D3100CD9D64 /* DatabaseManager.swift */; };
		A1B56D7E28751E3100CD9D64 /* AuthManager.swift in Sources */ = {isa = PBXBuildFile; fileRef = A1B56D7D28751E3100CD9D64 /* AuthManager.swift */; };
		A1B56D8028751EB100CD9D64 /* StorageManager.swift in Sources */ = {isa = PBXBuildFile; fileRef = A1B56D7F28751EB100CD9D64 /* StorageManager.swift */; };
/* End PBXBuildFile section */

/* Begin PBXFileReference section */
		235DB7AF187CFFD85E5CC3AE /* Pods_Instagram.framework */ = {isa = PBXFileReference; explicitFileType = wrapper.framework; includeInIndex = 0; path = Pods_Instagram.framework; sourceTree = BUILT_PRODUCTS_DIR; };
		3A1C76F040B3A7D8B77B28B5 /* Pods-Instagram.release.xcconfig */ = {isa = PBXFileReference; includeInIndex = 1; lastKnownFileType = text.xcconfig; name = "Pods-Instagram.release.xcconfig"; path = "Target Support Files/Pods-Instagram/Pods-Instagram.release.xcconfig"; sourceTree = "<group>"; };
		A11249EC2875042300A7A043 /* LoginViewController.swift */ = {isa = PBXFileReference; lastKnownFileType = sourcecode.swift; path = LoginViewController.swift; sourceTree = "<group>"; };
		A11249EE2875043900A7A043 /* RegistrationViewController.swift */ = {isa = PBXFileReference; lastKnownFileType = sourcecode.swift; path = RegistrationViewController.swift; sourceTree = "<group>"; };
		A11249F0287504A800A7A043 /* PostViewController.swift */ = {isa = PBXFileReference; lastKnownFileType = sourcecode.swift; path = PostViewController.swift; sourceTree = "<group>"; };
		A11249F2287504D900A7A043 /* EditProfileViewController.swift */ = {isa = PBXFileReference; lastKnownFileType = sourcecode.swift; path = EditProfileViewController.swift; sourceTree = "<group>"; };
		A11249F4287504EA00A7A043 /* SettingsViewController.swift */ = {isa = PBXFileReference; lastKnownFileType = sourcecode.swift; path = SettingsViewController.swift; sourceTree = "<group>"; };
		A11249F6287504FC00A7A043 /* ListViewController.swift */ = {isa = PBXFileReference; lastKnownFileType = sourcecode.swift; path = ListViewController.swift; sourceTree = "<group>"; };
		A11249F82875051400A7A043 /* SearchViewController.swift */ = {isa = PBXFileReference; lastKnownFileType = sourcecode.swift; path = SearchViewController.swift; sourceTree = "<group>"; };
		A11249FA2875052800A7A043 /* SearchResultViewController.swift */ = {isa = PBXFileReference; lastKnownFileType = sourcecode.swift; path = SearchResultViewController.swift; sourceTree = "<group>"; };
		A11249FC2875055B00A7A043 /* PostEditorViewController.swift */ = {isa = PBXFileReference; lastKnownFileType = sourcecode.swift; path = PostEditorViewController.swift; sourceTree = "<group>"; };
		A11249FE2875056D00A7A043 /* PublishPostViewController.swift */ = {isa = PBXFileReference; lastKnownFileType = sourcecode.swift; path = PublishPostViewController.swift; sourceTree = "<group>"; };
		A16265242874F51A009B09E6 /* Instagram.app */ = {isa = PBXFileReference; explicitFileType = wrapper.application; includeInIndex = 0; path = Instagram.app; sourceTree = BUILT_PRODUCTS_DIR; };
		A16265272874F51A009B09E6 /* AppDelegate.swift */ = {isa = PBXFileReference; lastKnownFileType = sourcecode.swift; path = AppDelegate.swift; sourceTree = "<group>"; };
		A16265292874F51A009B09E6 /* SceneDelegate.swift */ = {isa = PBXFileReference; lastKnownFileType = sourcecode.swift; path = SceneDelegate.swift; sourceTree = "<group>"; };
		A162652B2874F51A009B09E6 /* HomeViewController.swift */ = {isa = PBXFileReference; lastKnownFileType = sourcecode.swift; path = HomeViewController.swift; sourceTree = "<group>"; };
		A162652E2874F51A009B09E6 /* Base */ = {isa = PBXFileReference; lastKnownFileType = file.storyboard; name = Base; path = Base.lproj/Main.storyboard; sourceTree = "<group>"; };
		A16265312874F51A009B09E6 /* Instagram.xcdatamodel */ = {isa = PBXFileReference; lastKnownFileType = wrapper.xcdatamodel; path = Instagram.xcdatamodel; sourceTree = "<group>"; };
		A16265332874F51C009B09E6 /* Assets.xcassets */ = {isa = PBXFileReference; lastKnownFileType = folder.assetcatalog; path = Assets.xcassets; sourceTree = "<group>"; };
		A16265362874F51C009B09E6 /* Base */ = {isa = PBXFileReference; lastKnownFileType = file.storyboard; name = Base; path = Base.lproj/LaunchScreen.storyboard; sourceTree = "<group>"; };
		A16265382874F51C009B09E6 /* Info.plist */ = {isa = PBXFileReference; lastKnownFileType = text.plist.xml; path = Info.plist; sourceTree = "<group>"; };
		A16265432874F66C009B09E6 /* ExploreViewController.swift */ = {isa = PBXFileReference; lastKnownFileType = sourcecode.swift; path = ExploreViewController.swift; sourceTree = "<group>"; };
		A16265452874F6A7009B09E6 /* CameraViewController.swift */ = {isa = PBXFileReference; lastKnownFileType = sourcecode.swift; path = CameraViewController.swift; sourceTree = "<group>"; };
		A16265472874F6C0009B09E6 /* NotificationsViewController.swift */ = {isa = PBXFileReference; lastKnownFileType = sourcecode.swift; path = NotificationsViewController.swift; sourceTree = "<group>"; };
		A16265492874F6D3009B09E6 /* ProfileViewController.swift */ = {isa = PBXFileReference; lastKnownFileType = sourcecode.swift; path = ProfileViewController.swift; sourceTree = "<group>"; };
		A1B56D78287516E600CD9D64 /* GoogleService-Info.plist */ = {isa = PBXFileReference; fileEncoding = 4; lastKnownFileType = text.plist.xml; path = "GoogleService-Info.plist"; sourceTree = "<group>"; };
		A1B56D7B28751D3100CD9D64 /* DatabaseManager.swift */ = {isa = PBXFileReference; lastKnownFileType = sourcecode.swift; path = DatabaseManager.swift; sourceTree = "<group>"; };
		A1B56D7D28751E3100CD9D64 /* AuthManager.swift */ = {isa = PBXFileReference; lastKnownFileType = sourcecode.swift; path = AuthManager.swift; sourceTree = "<group>"; };
		A1B56D7F28751EB100CD9D64 /* StorageManager.swift */ = {isa = PBXFileReference; lastKnownFileType = sourcecode.swift; path = StorageManager.swift; sourceTree = "<group>"; };
		D63A3FDCF16D97C13844BB5D /* Pods-Instagram.debug.xcconfig */ = {isa = PBXFileReference; includeInIndex = 1; lastKnownFileType = text.xcconfig; name = "Pods-Instagram.debug.xcconfig"; path = "Target Support Files/Pods-Instagram/Pods-Instagram.debug.xcconfig"; sourceTree = "<group>"; };
/* End PBXFileReference section */

/* Begin PBXFrameworksBuildPhase section */
		A16265212874F51A009B09E6 /* Frameworks */ = {
			isa = PBXFrameworksBuildPhase;
			buildActionMask = 2147483647;
			files = (
				1E9F4C2F4E6C9B80DD47DD86 /* Pods_Instagram.framework in Frameworks */,
			);
			runOnlyForDeploymentPostprocessing = 0;
		};
/* End PBXFrameworksBuildPhase section */

/* Begin PBXGroup section */
		31DE59A5236E3B00977ADF80 /* Frameworks */ = {
			isa = PBXGroup;
			children = (
				235DB7AF187CFFD85E5CC3AE /* Pods_Instagram.framework */,
			);
			name = Frameworks;
			sourceTree = "<group>";
		};
		97BF59436B30D61015DBACFB /* Pods */ = {
			isa = PBXGroup;
			children = (
				D63A3FDCF16D97C13844BB5D /* Pods-Instagram.debug.xcconfig */,
				3A1C76F040B3A7D8B77B28B5 /* Pods-Instagram.release.xcconfig */,
			);
			path = Pods;
			sourceTree = "<group>";
		};
		A11249EB2875040F00A7A043 /* Other */ = {
			isa = PBXGroup;
			children = (
				A162654C2874F7F5009B09E6 /* Onboarding */,
				A1B56D7A28751B3200CD9D64 /* General */,
			);
			path = Other;
			sourceTree = "<group>";
		};
		A162651B2874F51A009B09E6 = {
			isa = PBXGroup;
			children = (
				A16265262874F51A009B09E6 /* Instagram */,
				A16265252874F51A009B09E6 /* Products */,
				97BF59436B30D61015DBACFB /* Pods */,
				31DE59A5236E3B00977ADF80 /* Frameworks */,
			);
			sourceTree = "<group>";
		};
		A16265252874F51A009B09E6 /* Products */ = {
			isa = PBXGroup;
			children = (
				A16265242874F51A009B09E6 /* Instagram.app */,
			);
			name = Products;
			sourceTree = "<group>";
		};
		A16265262874F51A009B09E6 /* Instagram */ = {
			isa = PBXGroup;
			children = (
				A16265412874F57C009B09E6 /* Resources */,
				A16265402874F574009B09E6 /* Models */,
				A162653F2874F56E009B09E6 /* Views */,
				A162653E2874F565009B09E6 /* Controllers */,
				A16265382874F51C009B09E6 /* Info.plist */,
				A16265302874F51A009B09E6 /* Instagram.xcdatamodeld */,
			);
			path = Instagram;
			sourceTree = "<group>";
		};
		A162653E2874F565009B09E6 /* Controllers */ = {
			isa = PBXGroup;
			children = (
				A11249EB2875040F00A7A043 /* Other */,
				A162654B2874F719009B09E6 /* Core Tabs */,
			);
			path = Controllers;
			sourceTree = "<group>";
		};
		A162653F2874F56E009B09E6 /* Views */ = {
			isa = PBXGroup;
			children = (
				A16265332874F51C009B09E6 /* Assets.xcassets */,
				A16265422874F5C2009B09E6 /* Storyboards */,
			);
			path = Views;
			sourceTree = "<group>";
		};
		A16265402874F574009B09E6 /* Models */ = {
			isa = PBXGroup;
			children = (
			);
			path = Models;
			sourceTree = "<group>";
		};
		A16265412874F57C009B09E6 /* Resources */ = {
			isa = PBXGroup;
			children = (
				A1B56D78287516E600CD9D64 /* GoogleService-Info.plist */,
				A16265272874F51A009B09E6 /* AppDelegate.swift */,
				A16265292874F51A009B09E6 /* SceneDelegate.swift */,
				A1B56D7B28751D3100CD9D64 /* DatabaseManager.swift */,
				A1B56D7D28751E3100CD9D64 /* AuthManager.swift */,
				A1B56D7F28751EB100CD9D64 /* StorageManager.swift */,
			);
			path = Resources;
			sourceTree = "<group>";
		};
		A16265422874F5C2009B09E6 /* Storyboards */ = {
			isa = PBXGroup;
			children = (
				A162652D2874F51A009B09E6 /* Main.storyboard */,
				A16265352874F51C009B09E6 /* LaunchScreen.storyboard */,
			);
			path = Storyboards;
			sourceTree = "<group>";
		};
		A162654B2874F719009B09E6 /* Core Tabs */ = {
			isa = PBXGroup;
			children = (
				A162652B2874F51A009B09E6 /* HomeViewController.swift */,
				A16265432874F66C009B09E6 /* ExploreViewController.swift */,
				A16265452874F6A7009B09E6 /* CameraViewController.swift */,
				A16265472874F6C0009B09E6 /* NotificationsViewController.swift */,
				A16265492874F6D3009B09E6 /* ProfileViewController.swift */,
			);
			path = "Core Tabs";
			sourceTree = "<group>";
		};
		A162654C2874F7F5009B09E6 /* Onboarding */ = {
			isa = PBXGroup;
			children = (
				A11249EC2875042300A7A043 /* LoginViewController.swift */,
				A11249EE2875043900A7A043 /* RegistrationViewController.swift */,
			);
			path = Onboarding;
			sourceTree = "<group>";
		};
		A1B56D7A28751B3200CD9D64 /* General */ = {
			isa = PBXGroup;
			children = (
				A11249F0287504A800A7A043 /* PostViewController.swift */,
				A11249F2287504D900A7A043 /* EditProfileViewController.swift */,
				A11249F4287504EA00A7A043 /* SettingsViewController.swift */,
				A11249F6287504FC00A7A043 /* ListViewController.swift */,
				A11249F82875051400A7A043 /* SearchViewController.swift */,
				A11249FA2875052800A7A043 /* SearchResultViewController.swift */,
				A11249FC2875055B00A7A043 /* PostEditorViewController.swift */,
				A11249FE2875056D00A7A043 /* PublishPostViewController.swift */,
			);
			path = General;
			sourceTree = "<group>";
		};
/* End PBXGroup section */

/* Begin PBXNativeTarget section */
		A16265232874F51A009B09E6 /* Instagram */ = {
			isa = PBXNativeTarget;
			buildConfigurationList = A162653B2874F51C009B09E6 /* Build configuration list for PBXNativeTarget "Instagram" */;
			buildPhases = (
				3D68D39C89DFF63816AB9F9C /* [CP] Check Pods Manifest.lock */,
				A16265202874F51A009B09E6 /* Sources */,
				A16265212874F51A009B09E6 /* Frameworks */,
				A16265222874F51A009B09E6 /* Resources */,
				9664B557A6F5BF073FFE5357 /* [CP] Embed Pods Frameworks */,
			);
			buildRules = (
			);
			dependencies = (
			);
			name = Instagram;
			productName = Instagram;
			productReference = A16265242874F51A009B09E6 /* Instagram.app */;
			productType = "com.apple.product-type.application";
		};
/* End PBXNativeTarget section */

/* Begin PBXProject section */
		A162651C2874F51A009B09E6 /* Project object */ = {
			isa = PBXProject;
			attributes = {
				BuildIndependentTargetsInParallel = 1;
				LastSwiftUpdateCheck = 1340;
				LastUpgradeCheck = 1340;
				TargetAttributes = {
					A16265232874F51A009B09E6 = {
						CreatedOnToolsVersion = 13.4.1;
					};
				};
			};
			buildConfigurationList = A162651F2874F51A009B09E6 /* Build configuration list for PBXProject "Instagram" */;
			compatibilityVersion = "Xcode 13.0";
			developmentRegion = en;
			hasScannedForEncodings = 0;
			knownRegions = (
				en,
				Base,
			);
			mainGroup = A162651B2874F51A009B09E6;
			productRefGroup = A16265252874F51A009B09E6 /* Products */;
			projectDirPath = "";
			projectRoot = "";
			targets = (
				A16265232874F51A009B09E6 /* Instagram */,
			);
		};
/* End PBXProject section */

/* Begin PBXResourcesBuildPhase section */
		A16265222874F51A009B09E6 /* Resources */ = {
			isa = PBXResourcesBuildPhase;
			buildActionMask = 2147483647;
			files = (
				A16265372874F51C009B09E6 /* LaunchScreen.storyboard in Resources */,
				A1B56D79287516E600CD9D64 /* GoogleService-Info.plist in Resources */,
				A16265342874F51C009B09E6 /* Assets.xcassets in Resources */,
				A162652F2874F51A009B09E6 /* Main.storyboard in Resources */,
			);
			runOnlyForDeploymentPostprocessing = 0;
		};
/* End PBXResourcesBuildPhase section */

/* Begin PBXShellScriptBuildPhase section */
		3D68D39C89DFF63816AB9F9C /* [CP] Check Pods Manifest.lock */ = {
			isa = PBXShellScriptBuildPhase;
			buildActionMask = 2147483647;
			files = (
			);
			inputFileListPaths = (
			);
			inputPaths = (
				"${PODS_PODFILE_DIR_PATH}/Podfile.lock",
				"${PODS_ROOT}/Manifest.lock",
			);
			name = "[CP] Check Pods Manifest.lock";
			outputFileListPaths = (
			);
			outputPaths = (
				"$(DERIVED_FILE_DIR)/Pods-Instagram-checkManifestLockResult.txt",
			);
			runOnlyForDeploymentPostprocessing = 0;
			shellPath = /bin/sh;
			shellScript = "diff \"${PODS_PODFILE_DIR_PATH}/Podfile.lock\" \"${PODS_ROOT}/Manifest.lock\" > /dev/null\nif [ $? != 0 ] ; then\n    # print error to STDERR\n    echo \"error: The sandbox is not in sync with the Podfile.lock. Run 'pod install' or update your CocoaPods installation.\" >&2\n    exit 1\nfi\n# This output is used by Xcode 'outputs' to avoid re-running this script phase.\necho \"SUCCESS\" > \"${SCRIPT_OUTPUT_FILE_0}\"\n";
			showEnvVarsInLog = 0;
		};
		9664B557A6F5BF073FFE5357 /* [CP] Embed Pods Frameworks */ = {
			isa = PBXShellScriptBuildPhase;
			buildActionMask = 2147483647;
			files = (
			);
			inputFileListPaths = (
				"${PODS_ROOT}/Target Support Files/Pods-Instagram/Pods-Instagram-frameworks-${CONFIGURATION}-input-files.xcfilelist",
			);
			name = "[CP] Embed Pods Frameworks";
			outputFileListPaths = (
				"${PODS_ROOT}/Target Support Files/Pods-Instagram/Pods-Instagram-frameworks-${CONFIGURATION}-output-files.xcfilelist",
			);
			runOnlyForDeploymentPostprocessing = 0;
			shellPath = /bin/sh;
			shellScript = "\"${PODS_ROOT}/Target Support Files/Pods-Instagram/Pods-Instagram-frameworks.sh\"\n";
			showEnvVarsInLog = 0;
		};
/* End PBXShellScriptBuildPhase section */

/* Begin PBXSourcesBuildPhase section */
		A16265202874F51A009B09E6 /* Sources */ = {
			isa = PBXSourcesBuildPhase;
			buildActionMask = 2147483647;
			files = (
				A11249F92875051400A7A043 /* SearchViewController.swift in Sources */,
				A11249ED2875042300A7A043 /* LoginViewController.swift in Sources */,
				A16265322874F51A009B09E6 /* Instagram.xcdatamodeld in Sources */,
				A1B56D8028751EB100CD9D64 /* StorageManager.swift in Sources */,
				A162652C2874F51A009B09E6 /* HomeViewController.swift in Sources */,
				A11249FD2875055C00A7A043 /* PostEditorViewController.swift in Sources */,
				A16265442874F66C009B09E6 /* ExploreViewController.swift in Sources */,
				A11249EF2875043900A7A043 /* RegistrationViewController.swift in Sources */,
				A16265282874F51A009B09E6 /* AppDelegate.swift in Sources */,
				A11249F7287504FC00A7A043 /* ListViewController.swift in Sources */,
				A1B56D7E28751E3100CD9D64 /* AuthManager.swift in Sources */,
				A162652A2874F51A009B09E6 /* SceneDelegate.swift in Sources */,
				A11249FF2875056D00A7A043 /* PublishPostViewController.swift in Sources */,
				A16265482874F6C0009B09E6 /* NotificationsViewController.swift in Sources */,
				A11249F3287504D900A7A043 /* EditProfileViewController.swift in Sources */,
				A162654A2874F6D3009B09E6 /* ProfileViewController.swift in Sources */,
				A1B56D7C28751D3100CD9D64 /* DatabaseManager.swift in Sources */,
				A11249F5287504EA00A7A043 /* SettingsViewController.swift in Sources */,
				A16265462874F6A7009B09E6 /* CameraViewController.swift in Sources */,
				A11249FB2875052800A7A043 /* SearchResultViewController.swift in Sources */,
				A11249F1287504A800A7A043 /* PostViewController.swift in Sources */,
			);
			runOnlyForDeploymentPostprocessing = 0;
		};
/* End PBXSourcesBuildPhase section */

/* Begin PBXVariantGroup section */
		A162652D2874F51A009B09E6 /* Main.storyboard */ = {
			isa = PBXVariantGroup;
			children = (
				A162652E2874F51A009B09E6 /* Base */,
			);
			name = Main.storyboard;
			sourceTree = "<group>";
		};
		A16265352874F51C009B09E6 /* LaunchScreen.storyboard */ = {
			isa = PBXVariantGroup;
			children = (
				A16265362874F51C009B09E6 /* Base */,
			);
			name = LaunchScreen.storyboard;
			sourceTree = "<group>";
		};
/* End PBXVariantGroup section */

/* Begin XCBuildConfiguration section */
		A16265392874F51C009B09E6 /* Debug */ = {
			isa = XCBuildConfiguration;
			buildSettings = {
				ALWAYS_SEARCH_USER_PATHS = NO;
				CLANG_ANALYZER_NONNULL = YES;
				CLANG_ANALYZER_NUMBER_OBJECT_CONVERSION = YES_AGGRESSIVE;
				CLANG_CXX_LANGUAGE_STANDARD = "gnu++17";
				CLANG_ENABLE_MODULES = YES;
				CLANG_ENABLE_OBJC_ARC = YES;
				CLANG_ENABLE_OBJC_WEAK = YES;
				CLANG_WARN_BLOCK_CAPTURE_AUTORELEASING = YES;
				CLANG_WARN_BOOL_CONVERSION = YES;
				CLANG_WARN_COMMA = YES;
				CLANG_WARN_CONSTANT_CONVERSION = YES;
				CLANG_WARN_DEPRECATED_OBJC_IMPLEMENTATIONS = YES;
				CLANG_WARN_DIRECT_OBJC_ISA_USAGE = YES_ERROR;
				CLANG_WARN_DOCUMENTATION_COMMENTS = YES;
				CLANG_WARN_EMPTY_BODY = YES;
				CLANG_WARN_ENUM_CONVERSION = YES;
				CLANG_WARN_INFINITE_RECURSION = YES;
				CLANG_WARN_INT_CONVERSION = YES;
				CLANG_WARN_NON_LITERAL_NULL_CONVERSION = YES;
				CLANG_WARN_OBJC_IMPLICIT_RETAIN_SELF = YES;
				CLANG_WARN_OBJC_LITERAL_CONVERSION = YES;
				CLANG_WARN_OBJC_ROOT_CLASS = YES_ERROR;
				CLANG_WARN_QUOTED_INCLUDE_IN_FRAMEWORK_HEADER = YES;
				CLANG_WARN_RANGE_LOOP_ANALYSIS = YES;
				CLANG_WARN_STRICT_PROTOTYPES = YES;
				CLANG_WARN_SUSPICIOUS_MOVE = YES;
				CLANG_WARN_UNGUARDED_AVAILABILITY = YES_AGGRESSIVE;
				CLANG_WARN_UNREACHABLE_CODE = YES;
				CLANG_WARN__DUPLICATE_METHOD_MATCH = YES;
				COPY_PHASE_STRIP = NO;
				DEBUG_INFORMATION_FORMAT = dwarf;
				ENABLE_STRICT_OBJC_MSGSEND = YES;
				ENABLE_TESTABILITY = YES;
				GCC_C_LANGUAGE_STANDARD = gnu11;
				GCC_DYNAMIC_NO_PIC = NO;
				GCC_NO_COMMON_BLOCKS = YES;
				GCC_OPTIMIZATION_LEVEL = 0;
				GCC_PREPROCESSOR_DEFINITIONS = (
					"DEBUG=1",
					"$(inherited)",
				);
				GCC_WARN_64_TO_32_BIT_CONVERSION = YES;
				GCC_WARN_ABOUT_RETURN_TYPE = YES_ERROR;
				GCC_WARN_UNDECLARED_SELECTOR = YES;
				GCC_WARN_UNINITIALIZED_AUTOS = YES_AGGRESSIVE;
				GCC_WARN_UNUSED_FUNCTION = YES;
				GCC_WARN_UNUSED_VARIABLE = YES;
				IPHONEOS_DEPLOYMENT_TARGET = 15.5;
				MTL_ENABLE_DEBUG_INFO = INCLUDE_SOURCE;
				MTL_FAST_MATH = YES;
				ONLY_ACTIVE_ARCH = YES;
				SDKROOT = iphoneos;
				SWIFT_ACTIVE_COMPILATION_CONDITIONS = DEBUG;
				SWIFT_OPTIMIZATION_LEVEL = "-Onone";
			};
			name = Debug;
		};
		A162653A2874F51C009B09E6 /* Release */ = {
			isa = XCBuildConfiguration;
			buildSettings = {
				ALWAYS_SEARCH_USER_PATHS = NO;
				CLANG_ANALYZER_NONNULL = YES;
				CLANG_ANALYZER_NUMBER_OBJECT_CONVERSION = YES_AGGRESSIVE;
				CLANG_CXX_LANGUAGE_STANDARD = "gnu++17";
				CLANG_ENABLE_MODULES = YES;
				CLANG_ENABLE_OBJC_ARC = YES;
				CLANG_ENABLE_OBJC_WEAK = YES;
				CLANG_WARN_BLOCK_CAPTURE_AUTORELEASING = YES;
				CLANG_WARN_BOOL_CONVERSION = YES;
				CLANG_WARN_COMMA = YES;
				CLANG_WARN_CONSTANT_CONVERSION = YES;
				CLANG_WARN_DEPRECATED_OBJC_IMPLEMENTATIONS = YES;
				CLANG_WARN_DIRECT_OBJC_ISA_USAGE = YES_ERROR;
				CLANG_WARN_DOCUMENTATION_COMMENTS = YES;
				CLANG_WARN_EMPTY_BODY = YES;
				CLANG_WARN_ENUM_CONVERSION = YES;
				CLANG_WARN_INFINITE_RECURSION = YES;
				CLANG_WARN_INT_CONVERSION = YES;
				CLANG_WARN_NON_LITERAL_NULL_CONVERSION = YES;
				CLANG_WARN_OBJC_IMPLICIT_RETAIN_SELF = YES;
				CLANG_WARN_OBJC_LITERAL_CONVERSION = YES;
				CLANG_WARN_OBJC_ROOT_CLASS = YES_ERROR;
				CLANG_WARN_QUOTED_INCLUDE_IN_FRAMEWORK_HEADER = YES;
				CLANG_WARN_RANGE_LOOP_ANALYSIS = YES;
				CLANG_WARN_STRICT_PROTOTYPES = YES;
				CLANG_WARN_SUSPICIOUS_MOVE = YES;
				CLANG_WARN_UNGUARDED_AVAILABILITY = YES_AGGRESSIVE;
				CLANG_WARN_UNREACHABLE_CODE = YES;
				CLANG_WARN__DUPLICATE_METHOD_MATCH = YES;
				COPY_PHASE_STRIP = NO;
				DEBUG_INFORMATION_FORMAT = "dwarf-with-dsym";
				ENABLE_NS_ASSERTIONS = NO;
				ENABLE_STRICT_OBJC_MSGSEND = YES;
				GCC_C_LANGUAGE_STANDARD = gnu11;
				GCC_NO_COMMON_BLOCKS = YES;
				GCC_WARN_64_TO_32_BIT_CONVERSION = YES;
				GCC_WARN_ABOUT_RETURN_TYPE = YES_ERROR;
				GCC_WARN_UNDECLARED_SELECTOR = YES;
				GCC_WARN_UNINITIALIZED_AUTOS = YES_AGGRESSIVE;
				GCC_WARN_UNUSED_FUNCTION = YES;
				GCC_WARN_UNUSED_VARIABLE = YES;
				IPHONEOS_DEPLOYMENT_TARGET = 15.5;
				MTL_ENABLE_DEBUG_INFO = NO;
				MTL_FAST_MATH = YES;
				SDKROOT = iphoneos;
				SWIFT_COMPILATION_MODE = wholemodule;
				SWIFT_OPTIMIZATION_LEVEL = "-O";
				VALIDATE_PRODUCT = YES;
			};
			name = Release;
		};
		A162653C2874F51C009B09E6 /* Debug */ = {
			isa = XCBuildConfiguration;
			baseConfigurationReference = D63A3FDCF16D97C13844BB5D /* Pods-Instagram.debug.xcconfig */;
			buildSettings = {
				ASSETCATALOG_COMPILER_APPICON_NAME = AppIcon;
				ASSETCATALOG_COMPILER_GLOBAL_ACCENT_COLOR_NAME = AccentColor;
				CODE_SIGN_STYLE = Automatic;
				CURRENT_PROJECT_VERSION = 1;
				DEVELOPMENT_TEAM = 228C4R574Q;
				GENERATE_INFOPLIST_FILE = YES;
				INFOPLIST_FILE = Instagram/Info.plist;
				INFOPLIST_KEY_UIApplicationSupportsIndirectInputEvents = YES;
				INFOPLIST_KEY_UILaunchStoryboardName = LaunchScreen;
				INFOPLIST_KEY_UIMainStoryboardFile = Main;
				INFOPLIST_KEY_UISupportedInterfaceOrientations = UIInterfaceOrientationPortrait;
				INFOPLIST_KEY_UISupportedInterfaceOrientations_iPad = "UIInterfaceOrientationPortrait UIInterfaceOrientationPortraitUpsideDown UIInterfaceOrientationLandscapeLeft UIInterfaceOrientationLandscapeRight";
				INFOPLIST_KEY_UISupportedInterfaceOrientations_iPhone = "UIInterfaceOrientationPortrait UIInterfaceOrientationLandscapeLeft UIInterfaceOrientationLandscapeRight";
				LD_RUNPATH_SEARCH_PATHS = (
					"$(inherited)",
					"@executable_path/Frameworks",
				);
				MARKETING_VERSION = 1.0;
				PRODUCT_BUNDLE_IDENTIFIER = com.matheusoliveira.Instagram;
				PRODUCT_NAME = "$(TARGET_NAME)";
				SWIFT_EMIT_LOC_STRINGS = YES;
				SWIFT_VERSION = 5.0;
				TARGETED_DEVICE_FAMILY = 1;
			};
			name = Debug;
		};
		A162653D2874F51C009B09E6 /* Release */ = {
			isa = XCBuildConfiguration;
			baseConfigurationReference = 3A1C76F040B3A7D8B77B28B5 /* Pods-Instagram.release.xcconfig */;
			buildSettings = {
				ASSETCATALOG_COMPILER_APPICON_NAME = AppIcon;
				ASSETCATALOG_COMPILER_GLOBAL_ACCENT_COLOR_NAME = AccentColor;
				CODE_SIGN_STYLE = Automatic;
				CURRENT_PROJECT_VERSION = 1;
				DEVELOPMENT_TEAM = 228C4R574Q;
				GENERATE_INFOPLIST_FILE = YES;
				INFOPLIST_FILE = Instagram/Info.plist;
				INFOPLIST_KEY_UIApplicationSupportsIndirectInputEvents = YES;
				INFOPLIST_KEY_UILaunchStoryboardName = LaunchScreen;
				INFOPLIST_KEY_UIMainStoryboardFile = Main;
				INFOPLIST_KEY_UISupportedInterfaceOrientations = UIInterfaceOrientationPortrait;
				INFOPLIST_KEY_UISupportedInterfaceOrientations_iPad = "UIInterfaceOrientationPortrait UIInterfaceOrientationPortraitUpsideDown UIInterfaceOrientationLandscapeLeft UIInterfaceOrientationLandscapeRight";
				INFOPLIST_KEY_UISupportedInterfaceOrientations_iPhone = "UIInterfaceOrientationPortrait UIInterfaceOrientationLandscapeLeft UIInterfaceOrientationLandscapeRight";
				LD_RUNPATH_SEARCH_PATHS = (
					"$(inherited)",
					"@executable_path/Frameworks",
				);
				MARKETING_VERSION = 1.0;
				PRODUCT_BUNDLE_IDENTIFIER = com.matheusoliveira.Instagram;
				PRODUCT_NAME = "$(TARGET_NAME)";
				SWIFT_EMIT_LOC_STRINGS = YES;
				SWIFT_VERSION = 5.0;
				TARGETED_DEVICE_FAMILY = 1;
			};
			name = Release;
		};
/* End XCBuildConfiguration section */

/* Begin XCConfigurationList section */
		A162651F2874F51A009B09E6 /* Build configuration list for PBXProject "Instagram" */ = {
			isa = XCConfigurationList;
			buildConfigurations = (
				A16265392874F51C009B09E6 /* Debug */,
				A162653A2874F51C009B09E6 /* Release */,
			);
			defaultConfigurationIsVisible = 0;
			defaultConfigurationName = Release;
		};
		A162653B2874F51C009B09E6 /* Build configuration list for PBXNativeTarget "Instagram" */ = {
			isa = XCConfigurationList;
			buildConfigurations = (
				A162653C2874F51C009B09E6 /* Debug */,
				A162653D2874F51C009B09E6 /* Release */,
			);
			defaultConfigurationIsVisible = 0;
			defaultConfigurationName = Release;
		};
/* End XCConfigurationList section */

/* Begin XCVersionGroup section */
		A16265302874F51A009B09E6 /* Instagram.xcdatamodeld */ = {
			isa = XCVersionGroup;
			children = (
				A16265312874F51A009B09E6 /* Instagram.xcdatamodel */,
			);
			currentVersion = A16265312874F51A009B09E6 /* Instagram.xcdatamodel */;
			path = Instagram.xcdatamodeld;
			sourceTree = "<group>";
			versionGroupType = wrapper.xcdatamodel;
		};
/* End XCVersionGroup section */
	};
	rootObject = A162651C2874F51A009B09E6 /* Project object */;
}
